version = 1
revision = 3
requires-python = ">=3.14"

[[package]]
name = "asttokens"
version = "3.0.1"
source = { registry = "https://pypi.org/simple" }
sdist = { url = "https://files.pythonhosted.org/packages/be/a5/8e3f9b6771b0b408517c82d97aed8f2036509bc247d46114925e32fe33f0/asttokens-3.0.1.tar.gz", hash = "sha256:71a4ee5de0bde6a31d64f6b13f2293ac190344478f081c3d1bccfcf5eacb0cb7", size = 62308, upload-time = "2025-11-15T16:43:48.578Z" }
wheels = [
    { url = "https://files.pythonhosted.org/packages/d2/39/e7eaf1799466a4aef85b6a4fe7bd175ad2b1c6345066aa33f1f58d4b18d0/asttokens-3.0.1-py3-none-any.whl", hash = "sha256:15a3ebc0f43c2d0a50eeafea25e19046c68398e487b9f1f5b517f7c0f40f976a", size = 27047, upload-time = "2025-11-15T16:43:16.109Z" },
]

[[package]]
name = "colorama"
version = "0.4.6"
source = { registry = "https://pypi.org/simple" }
sdist = { url = "https://files.pythonhosted.org/packages/d8/53/6f443c9a4a8358a93a6792e2acffb9d9d5cb0a5cfd8802644b7b1c9a02e4/colorama-0.4.6.tar.gz", hash = "sha256:08695f5cb7ed6e0531a20572697297273c47b8cae5a63ffc6d6ed5c201be6e44", size = 27697, upload-time = "2022-10-25T02:36:22.414Z" }
wheels = [
    { url = "https://files.pythonhosted.org/packages/d1/d6/3965ed04c63042e047cb6a3e6ed1a63a35087b6a609aa3a15ed8ac56c221/colorama-0.4.6-py2.py3-none-any.whl", hash = "sha256:4f1d9991f5acc0ca119f9d443620b77f9d6b33703e51011c16baf57afb285fc6", size = 25335, upload-time = "2022-10-25T02:36:20.889Z" },
]

[[package]]
name = "coverage"
version = "7.13.2"
source = { registry = "https://pypi.org/simple" }
sdist = { url = "https://files.pythonhosted.org/packages/ad/49/349848445b0e53660e258acbcc9b0d014895b6739237920886672240f84b/coverage-7.13.2.tar.gz", hash = "sha256:044c6951ec37146b72a50cc81ef02217d27d4c3640efd2640311393cbbf143d3", size = 826523, upload-time = "2026-01-25T13:00:04.889Z" }
wheels = [
    { url = "https://files.pythonhosted.org/packages/55/53/1da9e51a0775634b04fcc11eb25c002fc58ee4f92ce2e8512f94ac5fc5bf/coverage-7.13.2-cp314-cp314-macosx_10_15_x86_64.whl", hash = "sha256:387a825f43d680e7310e6f325b2167dd093bc8ffd933b83e9aa0983cf6e0a2ef", size = 219213, upload-time = "2026-01-25T12:59:11.909Z" },
    { url = "https://files.pythonhosted.org/packages/46/35/b3caac3ebbd10230fea5a33012b27d19e999a17c9285c4228b4b2e35b7da/coverage-7.13.2-cp314-cp314-macosx_11_0_arm64.whl", hash = "sha256:f0d7fea9d8e5d778cd5a9e8fc38308ad688f02040e883cdc13311ef2748cb40f", size = 219549, upload-time = "2026-01-25T12:59:13.638Z" },
    { url = "https://files.pythonhosted.org/packages/76/9c/e1cf7def1bdc72c1907e60703983a588f9558434a2ff94615747bd73c192/coverage-7.13.2-cp314-cp314-manylinux1_i686.manylinux_2_28_i686.manylinux_2_5_i686.whl", hash = "sha256:e080afb413be106c95c4ee96b4fffdc9e2fa56a8bbf90b5c0918e5c4449412f5", size = 250586, upload-time = "2026-01-25T12:59:15.808Z" },
    { url = "https://files.pythonhosted.org/packages/ba/49/f54ec02ed12be66c8d8897270505759e057b0c68564a65c429ccdd1f139e/coverage-7.13.2-cp314-cp314-manylinux1_x86_64.manylinux_2_28_x86_64.manylinux_2_5_x86_64.whl", hash = "sha256:a7fc042ba3c7ce25b8a9f097eb0f32a5ce1ccdb639d9eec114e26def98e1f8a4", size = 253093, upload-time = "2026-01-25T12:59:17.491Z" },
    { url = "https://files.pythonhosted.org/packages/fb/5e/aaf86be3e181d907e23c0f61fccaeb38de8e6f6b47aed92bf57d8fc9c034/coverage-7.13.2-cp314-cp314-manylinux2014_aarch64.manylinux_2_17_aarch64.manylinux_2_28_aarch64.whl", hash = "sha256:d0ba505e021557f7f8173ee8cd6b926373d8653e5ff7581ae2efce1b11ef4c27", size = 254446, upload-time = "2026-01-25T12:59:19.752Z" },
    { url = "https://files.pythonhosted.org/packages/28/c8/a5fa01460e2d75b0c853b392080d6829d3ca8b5ab31e158fa0501bc7c708/coverage-7.13.2-cp314-cp314-manylinux_2_31_riscv64.manylinux_2_39_riscv64.whl", hash = "sha256:7de326f80e3451bd5cc7239ab46c73ddb658fe0b7649476bc7413572d36cd548", size = 250615, upload-time = "2026-01-25T12:59:21.928Z" },
    { url = "https://files.pythonhosted.org/packages/86/0b/6d56315a55f7062bb66410732c24879ccb2ec527ab6630246de5fe45a1df/coverage-7.13.2-cp314-cp314-musllinux_1_2_aarch64.whl", hash = "sha256:abaea04f1e7e34841d4a7b343904a3f59481f62f9df39e2cd399d69a187a9660", size = 252452, upload-time = "2026-01-25T12:59:23.592Z" },
    { url = "https://files.pythonhosted.org/packages/30/19/9bc550363ebc6b0ea121977ee44d05ecd1e8bf79018b8444f1028701c563/coverage-7.13.2-cp314-cp314-musllinux_1_2_i686.whl", hash = "sha256:9f93959ee0c604bccd8e0697be21de0887b1f73efcc3aa73a3ec0fd13feace92", size = 250418, upload-time = "2026-01-25T12:59:25.392Z" },
    { url = "https://files.pythonhosted.org/packages/1f/53/580530a31ca2f0cc6f07a8f2ab5460785b02bb11bdf815d4c4d37a4c5169/coverage-7.13.2-cp314-cp314-musllinux_1_2_riscv64.whl", hash = "sha256:13fe81ead04e34e105bf1b3c9f9cdf32ce31736ee5d90a8d2de02b9d3e1bcb82", size = 250231, upload-time = "2026-01-25T12:59:27.888Z" },
    { url = "https://files.pythonhosted.org/packages/e2/42/dd9093f919dc3088cb472893651884bd675e3df3d38a43f9053656dca9a2/coverage-7.13.2-cp314-cp314-musllinux_1_2_x86_64.whl", hash = "sha256:d6d16b0f71120e365741bca2cb473ca6fe38930bc5431c5e850ba949f708f892", size = 251888, upload-time = "2026-01-25T12:59:29.636Z" },
    { url = "https://files.pythonhosted.org/packages/fa/a6/0af4053e6e819774626e133c3d6f70fae4d44884bfc4b126cb647baee8d3/coverage-7.13.2-cp314-cp314-win32.whl", hash = "sha256:9b2f4714bb7d99ba3790ee095b3b4ac94767e1347fe424278a0b10acb3ff04fe", size = 221968, upload-time = "2026-01-25T12:59:31.424Z" },
    { url = "https://files.pythonhosted.org/packages/c4/cc/5aff1e1f80d55862442855517bb8ad8ad3a68639441ff6287dde6a58558b/coverage-7.13.2-cp314-cp314-win_amd64.whl", hash = "sha256:e4121a90823a063d717a96e0a0529c727fb31ea889369a0ee3ec00ed99bf6859", size = 222783, upload-time = "2026-01-25T12:59:33.118Z" },
    { url = "https://files.pythonhosted.org/packages/de/20/09abafb24f84b3292cc658728803416c15b79f9ee5e68d25238a895b07d9/coverage-7.13.2-cp314-cp314-win_arm64.whl", hash = "sha256:6873f0271b4a15a33e7590f338d823f6f66f91ed147a03938d7ce26efd04eee6", size = 221348, upload-time = "2026-01-25T12:59:34.939Z" },
    { url = "https://files.pythonhosted.org/packages/b6/60/a3820c7232db63be060e4019017cd3426751c2699dab3c62819cdbcea387/coverage-7.13.2-cp314-cp314t-macosx_10_15_x86_64.whl", hash = "sha256:f61d349f5b7cd95c34017f1927ee379bfbe9884300d74e07cf630ccf7a610c1b", size = 219950, upload-time = "2026-01-25T12:59:36.624Z" },
    { url = "https://files.pythonhosted.org/packages/fd/37/e4ef5975fdeb86b1e56db9a82f41b032e3d93a840ebaf4064f39e770d5c5/coverage-7.13.2-cp314-cp314t-macosx_11_0_arm64.whl", hash = "sha256:a43d34ce714f4ca674c0d90beb760eb05aad906f2c47580ccee9da8fe8bfb417", size = 220209, upload-time = "2026-01-25T12:59:38.339Z" },
    { url = "https://files.pythonhosted.org/packages/54/df/d40e091d00c51adca1e251d3b60a8b464112efa3004949e96a74d7c19a64/coverage-7.13.2-cp314-cp314t-manylinux1_i686.manylinux_2_28_i686.manylinux_2_5_i686.whl", hash = "sha256:bff1b04cb9d4900ce5c56c4942f047dc7efe57e2608cb7c3c8936e9970ccdbee", size = 261576, upload-time = "2026-01-25T12:59:40.446Z" },
    { url = "https://files.pythonhosted.org/packages/c5/44/5259c4bed54e3392e5c176121af9f71919d96dde853386e7730e705f3520/coverage-7.13.2-cp314-cp314t-manylinux1_x86_64.manylinux_2_28_x86_64.manylinux_2_5_x86_64.whl", hash = "sha256:6ae99e4560963ad8e163e819e5d77d413d331fd00566c1e0856aa252303552c1", size = 263704, upload-time = "2026-01-25T12:59:42.346Z" },
    { url = "https://files.pythonhosted.org/packages/16/bd/ae9f005827abcbe2c70157459ae86053971c9fa14617b63903abbdce26d9/coverage-7.13.2-cp314-cp314t-manylinux2014_aarch64.manylinux_2_17_aarch64.manylinux_2_28_aarch64.whl", hash = "sha256:e79a8c7d461820257d9aa43716c4efc55366d7b292e46b5b37165be1d377405d", size = 266109, upload-time = "2026-01-25T12:59:44.073Z" },
    { url = "https://files.pythonhosted.org/packages/a2/c0/8e279c1c0f5b1eaa3ad9b0fb7a5637fc0379ea7d85a781c0fe0bb3cfc2ab/coverage-7.13.2-cp314-cp314t-manylinux_2_31_riscv64.manylinux_2_39_riscv64.whl", hash = "sha256:060ee84f6a769d40c492711911a76811b4befb6fba50abb450371abb720f5bd6", size = 260686, upload-time = "2026-01-25T12:59:45.804Z" },
    { url = "https://files.pythonhosted.org/packages/b2/47/3a8112627e9d863e7cddd72894171c929e94491a597811725befdcd76bce/coverage-7.13.2-cp314-cp314t-musllinux_1_2_aarch64.whl", hash = "sha256:3bca209d001fd03ea2d978f8a4985093240a355c93078aee3f799852c23f561a", size = 263568, upload-time = "2026-01-25T12:59:47.929Z" },
    { url = "https://files.pythonhosted.org/packages/92/bc/7ea367d84afa3120afc3ce6de294fd2dcd33b51e2e7fbe4bbfd200f2cb8c/coverage-7.13.2-cp314-cp314t-musllinux_1_2_i686.whl", hash = "sha256:6b8092aa38d72f091db61ef83cb66076f18f02da3e1a75039a4f218629600e04", size = 261174, upload-time = "2026-01-25T12:59:49.717Z" },
    { url = "https://files.pythonhosted.org/packages/33/b7/f1092dcecb6637e31cc2db099581ee5c61a17647849bae6b8261a2b78430/coverage-7.13.2-cp314-cp314t-musllinux_1_2_riscv64.whl", hash = "sha256:4a3158dc2dcce5200d91ec28cd315c999eebff355437d2765840555d765a6e5f", size = 260017, upload-time = "2026-01-25T12:59:51.463Z" },
    { url = "https://files.pythonhosted.org/packages/2b/cd/f3d07d4b95fbe1a2ef0958c15da614f7e4f557720132de34d2dc3aa7e911/coverage-7.13.2-cp314-cp314t-musllinux_1_2_x86_64.whl", hash = "sha256:3973f353b2d70bd9796cc12f532a05945232ccae966456c8ed7034cb96bbfd6f", size = 262337, upload-time = "2026-01-25T12:59:53.407Z" },
    { url = "https://files.pythonhosted.org/packages/e0/db/b0d5b2873a07cb1e06a55d998697c0a5a540dcefbf353774c99eb3874513/coverage-7.13.2-cp314-cp314t-win32.whl", hash = "sha256:79f6506a678a59d4ded048dc72f1859ebede8ec2b9a2d509ebe161f01c2879d3", size = 222749, upload-time = "2026-01-25T12:59:56.316Z" },
    { url = "https://files.pythonhosted.org/packages/e5/2f/838a5394c082ac57d85f57f6aba53093b30d9089781df72412126505716f/coverage-7.13.2-cp314-cp314t-win_amd64.whl", hash = "sha256:196bfeabdccc5a020a57d5a368c681e3a6ceb0447d153aeccc1ab4d70a5032ba", size = 223857, upload-time = "2026-01-25T12:59:58.201Z" },
    { url = "https://files.pythonhosted.org/packages/44/d4/b608243e76ead3a4298824b50922b89ef793e50069ce30316a65c1b4d7ef/coverage-7.13.2-cp314-cp314t-win_arm64.whl", hash = "sha256:69269ab58783e090bfbf5b916ab3d188126e22d6070bbfc93098fdd474ef937c", size = 221881, upload-time = "2026-01-25T13:00:00.449Z" },
    { url = "https://files.pythonhosted.org/packages/d2/db/d291e30fdf7ea617a335531e72294e0c723356d7fdde8fba00610a76bda9/coverage-7.13.2-py3-none-any.whl", hash = "sha256:40ce1ea1e25125556d8e76bd0b61500839a07944cc287ac21d5626f3e620cad5", size = 210943, upload-time = "2026-01-25T13:00:02.388Z" },
]

[[package]]
name = "cython"
version = "3.2.4"
source = { registry = "https://pypi.org/simple" }
sdist = { url = "https://files.pythonhosted.org/packages/91/85/7574c9cd44b69a27210444b6650f6477f56c75fee1b70d7672d3e4166167/cython-3.2.4.tar.gz", hash = "sha256:84226ecd313b233da27dc2eb3601b4f222b8209c3a7216d8733b031da1dc64e6", size = 3280291, upload-time = "2026-01-04T14:14:14.473Z" }
wheels = [
    { url = "https://files.pythonhosted.org/packages/ee/d7/3bda3efce0c5c6ce79cc21285dbe6f60369c20364e112f5a506ee8a1b067/cython-3.2.4-cp314-cp314-macosx_11_0_arm64.whl", hash = "sha256:d4b4fd5332ab093131fa6172e8362f16adef3eac3179fd24bbdc392531cb82fa", size = 2971496, upload-time = "2026-01-04T14:15:25.038Z" },
    { url = "https://files.pythonhosted.org/packages/89/ed/1021ffc80b9c4720b7ba869aea8422c82c84245ef117ebe47a556bdc00c3/cython-3.2.4-cp314-cp314-manylinux2014_aarch64.manylinux_2_17_aarch64.manylinux_2_28_aarch64.whl", hash = "sha256:e3b5ac54e95f034bc7fb07313996d27cbf71abc17b229b186c1540942d2dc28e", size = 3256146, upload-time = "2026-01-04T14:15:26.741Z" },
    { url = "https://files.pythonhosted.org/packages/0c/51/ca221ec7e94b3c5dc4138dcdcbd41178df1729c1e88c5dfb25f9d30ba3da/cython-3.2.4-cp314-cp314-manylinux2014_x86_64.manylinux_2_17_x86_64.manylinux_2_28_x86_64.whl", hash = "sha256:90f43be4eaa6afd58ce20d970bb1657a3627c44e1760630b82aa256ba74b4acb", size = 3383458, upload-time = "2026-01-04T14:15:28.425Z" },
    { url = "https://files.pythonhosted.org/packages/79/2e/1388fc0243240cd54994bb74f26aaaf3b2e22f89d3a2cf8da06d75d46ca2/cython-3.2.4-cp314-cp314-win_amd64.whl", hash = "sha256:983f9d2bb8a896e16fa68f2b37866ded35fa980195eefe62f764ddc5f9f5ef8e", size = 2791241, upload-time = "2026-01-04T14:15:30.448Z" },
    { url = "https://files.pythonhosted.org/packages/0a/8b/fd393f0923c82be4ec0db712fffb2ff0a7a131707b842c99bf24b549274d/cython-3.2.4-cp39-abi3-macosx_10_9_x86_64.whl", hash = "sha256:36bf3f5eb56d5281aafabecbaa6ed288bc11db87547bba4e1e52943ae6961ccf", size = 2875622, upload-time = "2026-01-04T14:15:39.749Z" },
    { url = "https://files.pythonhosted.org/packages/73/48/48530d9b9d64ec11dbe0dd3178a5fe1e0b27977c1054ecffb82be81e9b6a/cython-3.2.4-cp39-abi3-manylinux1_i686.manylinux_2_28_i686.manylinux_2_5_i686.whl", hash = "sha256:6d5267f22b6451eb1e2e1b88f6f78a2c9c8733a6ddefd4520d3968d26b824581", size = 3210669, upload-time = "2026-01-04T14:15:41.911Z" },
    { url = "https://files.pythonhosted.org/packages/5e/91/4865fbfef1f6bb4f21d79c46104a53d1a3fa4348286237e15eafb26e0828/cython-3.2.4-cp39-abi3-manylinux2014_armv7l.manylinux_2_17_armv7l.manylinux_2_31_armv7l.whl", hash = "sha256:3b6e58f73a69230218d5381817850ce6d0da5bb7e87eb7d528c7027cbba40b06", size = 2856835, upload-time = "2026-01-04T14:15:43.815Z" },
    { url = "https://files.pythonhosted.org/packages/fa/39/60317957dbef179572398253f29d28f75f94ab82d6d39ea3237fb6c89268/cython-3.2.4-cp39-abi3-musllinux_1_2_aarch64.whl", hash = "sha256:e71efb20048358a6b8ec604a0532961c50c067b5e63e345e2e359fff72feaee8", size = 2994408, upload-time = "2026-01-04T14:15:45.422Z" },
    { url = "https://files.pythonhosted.org/packages/8d/30/7c24d9292650db4abebce98abc9b49c820d40fa7c87921c0a84c32f4efe7/cython-3.2.4-cp39-abi3-musllinux_1_2_armv7l.whl", hash = "sha256:28b1e363b024c4b8dcf52ff68125e635cb9cb4b0ba997d628f25e32543a71103", size = 2891478, upload-time = "2026-01-04T14:15:47.394Z" },
    { url = "https://files.pythonhosted.org/packages/86/70/03dc3c962cde9da37a93cca8360e576f904d5f9beecfc9d70b1f820d2e5f/cython-3.2.4-cp39-abi3-musllinux_1_2_i686.whl", hash = "sha256:31a90b4a2c47bb6d56baeb926948348ec968e932c1ae2c53239164e3e8880ccf", size = 3225663, upload-time = "2026-01-04T14:15:49.446Z" },
    { url = "https://files.pythonhosted.org/packages/b1/97/10b50c38313c37b1300325e2e53f48ea9a2c078a85c0c9572057135e31d5/cython-3.2.4-cp39-abi3-musllinux_1_2_x86_64.whl", hash = "sha256:e65e4773021f8dc8532010b4fbebe782c77f9a0817e93886e518c93bd6a44e9d", size = 3115628, upload-time = "2026-01-04T14:15:51.323Z" },
    { url = "https://files.pythonhosted.org/packages/8f/b1/d6a353c9b147848122a0db370863601fdf56de2d983b5c4a6a11e6ee3cd7/cython-3.2.4-cp39-abi3-win32.whl", hash = "sha256:2b1f12c0e4798293d2754e73cd6f35fa5bbdf072bdc14bc6fc442c059ef2d290", size = 2437463, upload-time = "2026-01-04T14:15:53.787Z" },
    { url = "https://files.pythonhosted.org/packages/2d/d8/319a1263b9c33b71343adfd407e5daffd453daef47ebc7b642820a8b68ed/cython-3.2.4-cp39-abi3-win_arm64.whl", hash = "sha256:3b8e62049afef9da931d55de82d8f46c9a147313b69d5ff6af6e9121d545ce7a", size = 2442754, upload-time = "2026-01-04T14:15:55.382Z" },
    { url = "https://files.pythonhosted.org/packages/ff/fa/d3c15189f7c52aaefbaea76fb012119b04b9013f4bf446cb4eb4c26c4e6b/cython-3.2.4-py3-none-any.whl", hash = "sha256:732fc93bc33ae4b14f6afaca663b916c2fdd5dcbfad7114e17fb2434eeaea45c", size = 1257078, upload-time = "2026-01-04T14:14:12.373Z" },
]

[[package]]
name = "decorator"
version = "5.2.1"
source = { registry = "https://pypi.org/simple" }
sdist = { url = "https://files.pythonhosted.org/packages/43/fa/6d96a0978d19e17b68d634497769987b16c8f4cd0a7a05048bec693caa6b/decorator-5.2.1.tar.gz", hash = "sha256:65f266143752f734b0a7cc83c46f4618af75b8c5911b00ccb61d0ac9b6da0360", size = 56711, upload-time = "2025-02-24T04:41:34.073Z" }
wheels = [
    { url = "https://files.pythonhosted.org/packages/4e/8c/f3147f5c4b73e7550fe5f9352eaa956ae838d5c51eb58e7a25b9f3e2643b/decorator-5.2.1-py3-none-any.whl", hash = "sha256:d316bb415a2d9e2d2b3abcc4084c6502fc09240e292cd76a76afc106a1c8e04a", size = 9190, upload-time = "2025-02-24T04:41:32.565Z" },
]

[[package]]
name = "executing"
version = "2.2.1"
source = { registry = "https://pypi.org/simple" }
sdist = { url = "https://files.pythonhosted.org/packages/cc/28/c14e053b6762b1044f34a13aab6859bbf40456d37d23aa286ac24cfd9a5d/executing-2.2.1.tar.gz", hash = "sha256:3632cc370565f6648cc328b32435bd120a1e4ebb20c77e3fdde9a13cd1e533c4", size = 1129488, upload-time = "2025-09-01T09:48:10.866Z" }
wheels = [
    { url = "https://files.pythonhosted.org/packages/c1/ea/53f2148663b321f21b5a606bd5f191517cf40b7072c0497d3c92c4a13b1e/executing-2.2.1-py2.py3-none-any.whl", hash = "sha256:760643d3452b4d777d295bb167ccc74c64a81df23fb5e08eff250c425a4b2017", size = 28317, upload-time = "2025-09-01T09:48:08.5Z" },
]

[[package]]
name = "iniconfig"
version = "2.3.0"
source = { registry = "https://pypi.org/simple" }
sdist = { url = "https://files.pythonhosted.org/packages/72/34/14ca021ce8e5dfedc35312d08ba8bf51fdd999c576889fc2c24cb97f4f10/iniconfig-2.3.0.tar.gz", hash = "sha256:c76315c77db068650d49c5b56314774a7804df16fee4402c1f19d6d15d8c4730", size = 20503, upload-time = "2025-10-18T21:55:43.219Z" }
wheels = [
    { url = "https://files.pythonhosted.org/packages/cb/b1/3846dd7f199d53cb17f49cba7e651e9ce294d8497c8c150530ed11865bb8/iniconfig-2.3.0-py3-none-any.whl", hash = "sha256:f631c04d2c48c52b84d0d0549c99ff3859c98df65b3101406327ecc7d53fbf12", size = 7484, upload-time = "2025-10-18T21:55:41.639Z" },
]

[[package]]
name = "ipython"
version = "9.9.0"
source = { registry = "https://pypi.org/simple" }
dependencies = [
    { name = "colorama", marker = "sys_platform == 'win32'" },
    { name = "decorator" },
    { name = "ipython-pygments-lexers" },
    { name = "jedi" },
    { name = "matplotlib-inline" },
    { name = "pexpect", marker = "sys_platform != 'emscripten' and sys_platform != 'win32'" },
    { name = "prompt-toolkit" },
    { name = "pygments" },
    { name = "stack-data" },
    { name = "traitlets" },
]
sdist = { url = "https://files.pythonhosted.org/packages/46/dd/fb08d22ec0c27e73c8bc8f71810709870d51cadaf27b7ddd3f011236c100/ipython-9.9.0.tar.gz", hash = "sha256:48fbed1b2de5e2c7177eefa144aba7fcb82dac514f09b57e2ac9da34ddb54220", size = 4425043, upload-time = "2026-01-05T12:36:46.233Z" }
wheels = [
    { url = "https://files.pythonhosted.org/packages/86/92/162cfaee4ccf370465c5af1ce36a9eacec1becb552f2033bb3584e6f640a/ipython-9.9.0-py3-none-any.whl", hash = "sha256:b457fe9165df2b84e8ec909a97abcf2ed88f565970efba16b1f7229c283d252b", size = 621431, upload-time = "2026-01-05T12:36:44.669Z" },
]

[[package]]
name = "ipython-pygments-lexers"
version = "1.1.1"
source = { registry = "https://pypi.org/simple" }
dependencies = [
    { name = "pygments" },
]
sdist = { url = "https://files.pythonhosted.org/packages/ef/4c/5dd1d8af08107f88c7f741ead7a40854b8ac24ddf9ae850afbcf698aa552/ipython_pygments_lexers-1.1.1.tar.gz", hash = "sha256:09c0138009e56b6854f9535736f4171d855c8c08a563a0dcd8022f78355c7e81", size = 8393, upload-time = "2025-01-17T11:24:34.505Z" }
wheels = [
    { url = "https://files.pythonhosted.org/packages/d9/33/1f075bf72b0b747cb3288d011319aaf64083cf2efef8354174e3ed4540e2/ipython_pygments_lexers-1.1.1-py3-none-any.whl", hash = "sha256:a9462224a505ade19a605f71f8fa63c2048833ce50abc86768a0d81d876dc81c", size = 8074, upload-time = "2025-01-17T11:24:33.271Z" },
]

[[package]]
name = "jedi"
version = "0.19.2"
source = { registry = "https://pypi.org/simple" }
dependencies = [
    { name = "parso" },
]
sdist = { url = "https://files.pythonhosted.org/packages/72/3a/79a912fbd4d8dd6fbb02bf69afd3bb72cf0c729bb3063c6f4498603db17a/jedi-0.19.2.tar.gz", hash = "sha256:4770dc3de41bde3966b02eb84fbcf557fb33cce26ad23da12c742fb50ecb11f0", size = 1231287, upload-time = "2024-11-11T01:41:42.873Z" }
wheels = [
    { url = "https://files.pythonhosted.org/packages/c0/5a/9cac0c82afec3d09ccd97c8b6502d48f165f9124db81b4bcb90b4af974ee/jedi-0.19.2-py2.py3-none-any.whl", hash = "sha256:a8ef22bde8490f57fe5c7681a3c83cb58874daf72b4784de3cce5b6ef6edb5b9", size = 1572278, upload-time = "2024-11-11T01:41:40.175Z" },
]

[[package]]
name = "librt"
version = "0.7.8"
source = { registry = "https://pypi.org/simple" }
sdist = { url = "https://files.pythonhosted.org/packages/e7/24/5f3646ff414285e0f7708fa4e946b9bf538345a41d1c375c439467721a5e/librt-0.7.8.tar.gz", hash = "sha256:1a4ede613941d9c3470b0368be851df6bb78ab218635512d0370b27a277a0862", size = 148323, upload-time = "2026-01-14T12:56:16.876Z" }
wheels = [
    { url = "https://files.pythonhosted.org/packages/1a/73/fa8814c6ce2d49c3827829cadaa1589b0bf4391660bd4510899393a23ebc/librt-0.7.8-cp314-cp314-macosx_10_13_x86_64.whl", hash = "sha256:be927c3c94c74b05128089a955fba86501c3b544d1d300282cc1b4bd370cb418", size = 57049, upload-time = "2026-01-14T12:55:35.056Z" },
    { url = "https://files.pythonhosted.org/packages/53/fe/f6c70956da23ea235fd2e3cc16f4f0b4ebdfd72252b02d1164dd58b4e6c3/librt-0.7.8-cp314-cp314-macosx_11_0_arm64.whl", hash = "sha256:7b0803e9008c62a7ef79058233db7ff6f37a9933b8f2573c05b07ddafa226611", size = 58689, upload-time = "2026-01-14T12:55:36.078Z" },
    { url = "https://files.pythonhosted.org/packages/1f/4d/7a2481444ac5fba63050d9abe823e6bc16896f575bfc9c1e5068d516cdce/librt-0.7.8-cp314-cp314-manylinux1_i686.manylinux_2_28_i686.manylinux_2_5_i686.whl", hash = "sha256:79feb4d00b2a4e0e05c9c56df707934f41fcb5fe53fd9efb7549068d0495b758", size = 166808, upload-time = "2026-01-14T12:55:37.595Z" },
    { url = "https://files.pythonhosted.org/packages/ac/3c/10901d9e18639f8953f57c8986796cfbf4c1c514844a41c9197cf87cb707/librt-0.7.8-cp314-cp314-manylinux2014_aarch64.manylinux_2_17_aarch64.manylinux_2_28_aarch64.whl", hash = "sha256:b9122094e3f24aa759c38f46bd8863433820654927370250f460ae75488b66ea", size = 175614, upload-time = "2026-01-14T12:55:38.756Z" },
    { url = "https://files.pythonhosted.org/packages/db/01/5cbdde0951a5090a80e5ba44e6357d375048123c572a23eecfb9326993a7/librt-0.7.8-cp314-cp314-manylinux2014_x86_64.manylinux_2_17_x86_64.manylinux_2_28_x86_64.whl", hash = "sha256:7e03bea66af33c95ce3addf87a9bf1fcad8d33e757bc479957ddbc0e4f7207ac", size = 189955, upload-time = "2026-01-14T12:55:39.939Z" },
    { url = "https://files.pythonhosted.org/packages/6a/b4/e80528d2f4b7eaf1d437fcbd6fc6ba4cbeb3e2a0cb9ed5a79f47c7318706/librt-0.7.8-cp314-cp314-musllinux_1_2_aarch64.whl", hash = "sha256:f1ade7f31675db00b514b98f9ab9a7698c7282dad4be7492589109471852d398", size = 189370, upload-time = "2026-01-14T12:55:41.057Z" },
    { url = "https://files.pythonhosted.org/packages/c1/ab/938368f8ce31a9787ecd4becb1e795954782e4312095daf8fd22420227c8/librt-0.7.8-cp314-cp314-musllinux_1_2_i686.whl", hash = "sha256:a14229ac62adcf1b90a15992f1ab9c69ae8b99ffb23cb64a90878a6e8a2f5b81", size = 183224, upload-time = "2026-01-14T12:55:42.328Z" },
    { url = "https://files.pythonhosted.org/packages/3c/10/559c310e7a6e4014ac44867d359ef8238465fb499e7eb31b6bfe3e3f86f5/librt-0.7.8-cp314-cp314-musllinux_1_2_x86_64.whl", hash = "sha256:5bcaaf624fd24e6a0cb14beac37677f90793a96864c67c064a91458611446e83", size = 203541, upload-time = "2026-01-14T12:55:43.501Z" },
    { url = "https://files.pythonhosted.org/packages/f8/db/a0db7acdb6290c215f343835c6efda5b491bb05c3ddc675af558f50fdba3/librt-0.7.8-cp314-cp314-win32.whl", hash = "sha256:7aa7d5457b6c542ecaed79cec4ad98534373c9757383973e638ccced0f11f46d", size = 40657, upload-time = "2026-01-14T12:55:44.668Z" },
    { url = "https://files.pythonhosted.org/packages/72/e0/4f9bdc2a98a798511e81edcd6b54fe82767a715e05d1921115ac70717f6f/librt-0.7.8-cp314-cp314-win_amd64.whl", hash = "sha256:3d1322800771bee4a91f3b4bd4e49abc7d35e65166821086e5afd1e6c0d9be44", size = 46835, upload-time = "2026-01-14T12:55:45.655Z" },
    { url = "https://files.pythonhosted.org/packages/f9/3d/59c6402e3dec2719655a41ad027a7371f8e2334aa794ed11533ad5f34969/librt-0.7.8-cp314-cp314-win_arm64.whl", hash = "sha256:5363427bc6a8c3b1719f8f3845ea53553d301382928a86e8fab7984426949bce", size = 39885, upload-time = "2026-01-14T12:55:47.138Z" },
    { url = "https://files.pythonhosted.org/packages/4e/9c/2481d80950b83085fb14ba3c595db56330d21bbc7d88a19f20165f3538db/librt-0.7.8-cp314-cp314t-macosx_10_13_x86_64.whl", hash = "sha256:ca916919793a77e4a98d4a1701e345d337ce53be4a16620f063191f7322ac80f", size = 59161, upload-time = "2026-01-14T12:55:48.45Z" },
    { url = "https://files.pythonhosted.org/packages/96/79/108df2cfc4e672336765d54e3ff887294c1cc36ea4335c73588875775527/librt-0.7.8-cp314-cp314t-macosx_11_0_arm64.whl", hash = "sha256:54feb7b4f2f6706bb82325e836a01be805770443e2400f706e824e91f6441dde", size = 61008, upload-time = "2026-01-14T12:55:49.527Z" },
    { url = "https://files.pythonhosted.org/packages/46/f2/30179898f9994a5637459d6e169b6abdc982012c0a4b2d4c26f50c06f911/librt-0.7.8-cp314-cp314t-manylinux1_i686.manylinux_2_28_i686.manylinux_2_5_i686.whl", hash = "sha256:39a4c76fee41007070f872b648cc2f711f9abf9a13d0c7162478043377b52c8e", size = 187199, upload-time = "2026-01-14T12:55:50.587Z" },
    { url = "https://files.pythonhosted.org/packages/b4/da/f7563db55cebdc884f518ba3791ad033becc25ff68eb70902b1747dc0d70/librt-0.7.8-cp314-cp314t-manylinux2014_aarch64.manylinux_2_17_aarch64.manylinux_2_28_aarch64.whl", hash = "sha256:ac9c8a458245c7de80bc1b9765b177055efff5803f08e548dd4bb9ab9a8d789b", size = 198317, upload-time = "2026-01-14T12:55:51.991Z" },
    { url = "https://files.pythonhosted.org/packages/b3/6c/4289acf076ad371471fa86718c30ae353e690d3de6167f7db36f429272f1/librt-0.7.8-cp314-cp314t-manylinux2014_x86_64.manylinux_2_17_x86_64.manylinux_2_28_x86_64.whl", hash = "sha256:95b67aa7eff150f075fda09d11f6bfb26edffd300f6ab1666759547581e8f666", size = 210334, upload-time = "2026-01-14T12:55:53.682Z" },
    { url = "https://files.pythonhosted.org/packages/4a/7f/377521ac25b78ac0a5ff44127a0360ee6d5ddd3ce7327949876a30533daa/librt-0.7.8-cp314-cp314t-musllinux_1_2_aarch64.whl", hash = "sha256:535929b6eff670c593c34ff435d5440c3096f20fa72d63444608a5aef64dd581", size = 211031, upload-time = "2026-01-14T12:55:54.827Z" },
    { url = "https://files.pythonhosted.org/packages/c5/b1/e1e96c3e20b23d00cf90f4aad48f0deb4cdfec2f0ed8380d0d85acf98bbf/librt-0.7.8-cp314-cp314t-musllinux_1_2_i686.whl", hash = "sha256:63937bd0f4d1cb56653dc7ae900d6c52c41f0015e25aaf9902481ee79943b33a", size = 204581, upload-time = "2026-01-14T12:55:56.811Z" },
    { url = "https://files.pythonhosted.org/packages/43/71/0f5d010e92ed9747e14bef35e91b6580533510f1e36a8a09eb79ee70b2f0/librt-0.7.8-cp314-cp314t-musllinux_1_2_x86_64.whl", hash = "sha256:cf243da9e42d914036fd362ac3fa77d80a41cadcd11ad789b1b5eec4daaf67ca", size = 224731, upload-time = "2026-01-14T12:55:58.175Z" },
    { url = "https://files.pythonhosted.org/packages/22/f0/07fb6ab5c39a4ca9af3e37554f9d42f25c464829254d72e4ebbd81da351c/librt-0.7.8-cp314-cp314t-win32.whl", hash = "sha256:171ca3a0a06c643bd0a2f62a8944e1902c94aa8e5da4db1ea9a8daf872685365", size = 41173, upload-time = "2026-01-14T12:55:59.315Z" },
    { url = "https://files.pythonhosted.org/packages/24/d4/7e4be20993dc6a782639625bd2f97f3c66125c7aa80c82426956811cfccf/librt-0.7.8-cp314-cp314t-win_amd64.whl", hash = "sha256:445b7304145e24c60288a2f172b5ce2ca35c0f81605f5299f3fa567e189d2e32", size = 47668, upload-time = "2026-01-14T12:56:00.261Z" },
    { url = "https://files.pythonhosted.org/packages/fc/85/69f92b2a7b3c0f88ffe107c86b952b397004b5b8ea5a81da3d9c04c04422/librt-0.7.8-cp314-cp314t-win_arm64.whl", hash = "sha256:8766ece9de08527deabcd7cb1b4f1a967a385d26e33e536d6d8913db6ef74f06", size = 40550, upload-time = "2026-01-14T12:56:01.542Z" },
]

[[package]]
name = "matplotlib-inline"
version = "0.2.1"
source = { registry = "https://pypi.org/simple" }
dependencies = [
    { name = "traitlets" },
]
sdist = { url = "https://files.pythonhosted.org/packages/c7/74/97e72a36efd4ae2bccb3463284300f8953f199b5ffbc04cbbb0ec78f74b1/matplotlib_inline-0.2.1.tar.gz", hash = "sha256:e1ee949c340d771fc39e241ea75683deb94762c8fa5f2927ec57c83c4dffa9fe", size = 8110, upload-time = "2025-10-23T09:00:22.126Z" }
wheels = [
    { url = "https://files.pythonhosted.org/packages/af/33/ee4519fa02ed11a94aef9559552f3b17bb863f2ecfe1a35dc7f548cde231/matplotlib_inline-0.2.1-py3-none-any.whl", hash = "sha256:d56ce5156ba6085e00a9d54fead6ed29a9c47e215cd1bba2e976ef39f5710a76", size = 9516, upload-time = "2025-10-23T09:00:20.675Z" },
]

[[package]]
name = "mypy"
version = "1.19.1"
source = { registry = "https://pypi.org/simple" }
dependencies = [
    { name = "librt", marker = "platform_python_implementation != 'PyPy'" },
    { name = "mypy-extensions" },
    { name = "pathspec" },
    { name = "typing-extensions" },
]
sdist = { url = "https://files.pythonhosted.org/packages/f5/db/4efed9504bc01309ab9c2da7e352cc223569f05478012b5d9ece38fd44d2/mypy-1.19.1.tar.gz", hash = "sha256:19d88bb05303fe63f71dd2c6270daca27cb9401c4ca8255fe50d1d920e0eb9ba", size = 3582404, upload-time = "2025-12-15T05:03:48.42Z" }
wheels = [
    { url = "https://files.pythonhosted.org/packages/de/eb/b83e75f4c820c4247a58580ef86fcd35165028f191e7e1ba57128c52782d/mypy-1.19.1-cp314-cp314-macosx_10_15_x86_64.whl", hash = "sha256:06e6170bd5836770e8104c8fdd58e5e725cfeb309f0a6c681a811f557e97eac1", size = 13199744, upload-time = "2025-12-15T05:03:30.823Z" },
    { url = "https://files.pythonhosted.org/packages/94/28/52785ab7bfa165f87fcbb61547a93f98bb20e7f82f90f165a1f69bce7b3d/mypy-1.19.1-cp314-cp314-macosx_11_0_arm64.whl", hash = "sha256:804bd67b8054a85447c8954215a906d6eff9cabeabe493fb6334b24f4bfff718", size = 12215815, upload-time = "2025-12-15T05:02:42.323Z" },
    { url = "https://files.pythonhosted.org/packages/0a/c6/bdd60774a0dbfb05122e3e925f2e9e846c009e479dcec4821dad881f5b52/mypy-1.19.1-cp314-cp314-manylinux2014_aarch64.manylinux_2_17_aarch64.manylinux_2_28_aarch64.whl", hash = "sha256:21761006a7f497cb0d4de3d8ef4ca70532256688b0523eee02baf9eec895e27b", size = 12740047, upload-time = "2025-12-15T05:03:33.168Z" },
    { url = "https://files.pythonhosted.org/packages/32/2a/66ba933fe6c76bd40d1fe916a83f04fed253152f451a877520b3c4a5e41e/mypy-1.19.1-cp314-cp314-manylinux2014_x86_64.manylinux_2_17_x86_64.manylinux_2_28_x86_64.whl", hash = "sha256:28902ee51f12e0f19e1e16fbe2f8f06b6637f482c459dd393efddd0ec7f82045", size = 13601998, upload-time = "2025-12-15T05:03:13.056Z" },
    { url = "https://files.pythonhosted.org/packages/e3/da/5055c63e377c5c2418760411fd6a63ee2b96cf95397259038756c042574f/mypy-1.19.1-cp314-cp314-musllinux_1_2_x86_64.whl", hash = "sha256:481daf36a4c443332e2ae9c137dfee878fcea781a2e3f895d54bd3002a900957", size = 13807476, upload-time = "2025-12-15T05:03:17.977Z" },
    { url = "https://files.pythonhosted.org/packages/cd/09/4ebd873390a063176f06b0dbf1f7783dd87bd120eae7727fa4ae4179b685/mypy-1.19.1-cp314-cp314-win_amd64.whl", hash = "sha256:8bb5c6f6d043655e055be9b542aa5f3bdd30e4f3589163e85f93f3640060509f", size = 10281872, upload-time = "2025-12-15T05:03:05.549Z" },
    { url = "https://files.pythonhosted.org/packages/8d/f4/4ce9a05ce5ded1de3ec1c1d96cf9f9504a04e54ce0ed55cfa38619a32b8d/mypy-1.19.1-py3-none-any.whl", hash = "sha256:f1235f5ea01b7db5468d53ece6aaddf1ad0b88d9e7462b86ef96fe04995d7247", size = 2471239, upload-time = "2025-12-15T05:03:07.248Z" },
]

[[package]]
name = "mypy-extensions"
version = "1.1.0"
source = { registry = "https://pypi.org/simple" }
sdist = { url = "https://files.pythonhosted.org/packages/a2/6e/371856a3fb9d31ca8dac321cda606860fa4548858c0cc45d9d1d4ca2628b/mypy_extensions-1.1.0.tar.gz", hash = "sha256:52e68efc3284861e772bbcd66823fde5ae21fd2fdb51c62a211403730b916558", size = 6343, upload-time = "2025-04-22T14:54:24.164Z" }
wheels = [
    { url = "https://files.pythonhosted.org/packages/79/7b/2c79738432f5c924bef5071f933bcc9efd0473bac3b4aa584a6f7c1c8df8/mypy_extensions-1.1.0-py3-none-any.whl", hash = "sha256:1be4cccdb0f2482337c4743e60421de3a356cd97508abadd57d47403e94f5505", size = 4963, upload-time = "2025-04-22T14:54:22.983Z" },
]

[[package]]
name = "ornata"
version = "0.7.0"
source = { editable = "." }

[package.optional-dependencies]
jupyter = [
    { name = "ipython" },
]
legacy-windows = [
    { name = "colorama" },
]

[package.dev-dependencies]
dev = [
    { name = "cython" },
    { name = "mypy" },
    { name = "pytest" },
    { name = "pytest-cov" },
    { name = "ruff" },
]

[package.metadata]
requires-dist = [
    { name = "colorama", marker = "extra == 'legacy-windows'", specifier = ">=0.4.6" },
    { name = "ipython", marker = "extra == 'jupyter'", specifier = ">=8" },
]
provides-extras = ["legacy-windows", "jupyter"]

[package.metadata.requires-dev]
dev = [
    { name = "cython", specifier = ">=3.0.0" },
    { name = "mypy", specifier = ">=1.18.2" },
    { name = "pytest", specifier = ">=8.4.2" },
    { name = "pytest-cov", specifier = ">=5.0.0" },
    { name = "ruff", specifier = ">=0.6.9" },
]

[[package]]
name = "packaging"
version = "26.0"
source = { registry = "https://pypi.org/simple" }
sdist = { url = "https://files.pythonhosted.org/packages/65/ee/299d360cdc32edc7d2cf530f3accf79c4fca01e96ffc950d8a52213bd8e4/packaging-26.0.tar.gz", hash = "sha256:00243ae351a257117b6a241061796684b084ed1c516a08c48a3f7e147a9d80b4", size = 143416, upload-time = "2026-01-21T20:50:39.064Z" }
wheels = [
    { url = "https://files.pythonhosted.org/packages/b7/b9/c538f279a4e237a006a2c98387d081e9eb060d203d8ed34467cc0f0b9b53/packaging-26.0-py3-none-any.whl", hash = "sha256:b36f1fef9334a5588b4166f8bcd26a14e521f2b55e6b9de3aaa80d3ff7a37529", size = 74366, upload-time = "2026-01-21T20:50:37.788Z" },
]

[[package]]
name = "parso"
version = "0.8.5"
source = { registry = "https://pypi.org/simple" }
sdist = { url = "https://files.pythonhosted.org/packages/d4/de/53e0bcf53d13e005bd8c92e7855142494f41171b34c2536b86187474184d/parso-0.8.5.tar.gz", hash = "sha256:034d7354a9a018bdce352f48b2a8a450f05e9d6ee85db84764e9b6bd96dafe5a", size = 401205, upload-time = "2025-08-23T15:15:28.028Z" }
wheels = [
    { url = "https://files.pythonhosted.org/packages/16/32/f8e3c85d1d5250232a5d3477a2a28cc291968ff175caeadaf3cc19ce0e4a/parso-0.8.5-py2.py3-none-any.whl", hash = "sha256:646204b5ee239c396d040b90f9e272e9a8017c630092bf59980beb62fd033887", size = 106668, upload-time = "2025-08-23T15:15:25.663Z" },
]

[[package]]
name = "pathspec"
version = "1.0.4"
source = { registry = "https://pypi.org/simple" }
sdist = { url = "https://files.pythonhosted.org/packages/fa/36/e27608899f9b8d4dff0617b2d9ab17ca5608956ca44461ac14ac48b44015/pathspec-1.0.4.tar.gz", hash = "sha256:0210e2ae8a21a9137c0d470578cb0e595af87edaa6ebf12ff176f14a02e0e645", size = 131200, upload-time = "2026-01-27T03:59:46.938Z" }
wheels = [
    { url = "https://files.pythonhosted.org/packages/ef/3c/2c197d226f9ea224a9ab8d197933f9da0ae0aac5b6e0f884e2b8d9c8e9f7/pathspec-1.0.4-py3-none-any.whl", hash = "sha256:fb6ae2fd4e7c921a165808a552060e722767cfa526f99ca5156ed2ce45a5c723", size = 55206, upload-time = "2026-01-27T03:59:45.137Z" },
]

[[package]]
name = "pexpect"
version = "4.9.0"
source = { registry = "https://pypi.org/simple" }
dependencies = [
    { name = "ptyprocess" },
]
sdist = { url = "https://files.pythonhosted.org/packages/42/92/cc564bf6381ff43ce1f4d06852fc19a2f11d180f23dc32d9588bee2f149d/pexpect-4.9.0.tar.gz", hash = "sha256:ee7d41123f3c9911050ea2c2dac107568dc43b2d3b0c7557a33212c398ead30f", size = 166450, upload-time = "2023-11-25T09:07:26.339Z" }
wheels = [
    { url = "https://files.pythonhosted.org/packages/9e/c3/059298687310d527a58bb01f3b1965787ee3b40dce76752eda8b44e9a2c5/pexpect-4.9.0-py2.py3-none-any.whl", hash = "sha256:7236d1e080e4936be2dc3e326cec0af72acf9212a7e1d060210e70a47e253523", size = 63772, upload-time = "2023-11-25T06:56:14.81Z" },
]

[[package]]
name = "pluggy"
version = "1.6.0"
source = { registry = "https://pypi.org/simple" }
sdist = { url = "https://files.pythonhosted.org/packages/f9/e2/3e91f31a7d2b083fe6ef3fa267035b518369d9511ffab804f839851d2779/pluggy-1.6.0.tar.gz", hash = "sha256:7dcc130b76258d33b90f61b658791dede3486c3e6bfb003ee5c9bfb396dd22f3", size = 69412, upload-time = "2025-05-15T12:30:07.975Z" }
wheels = [
    { url = "https://files.pythonhosted.org/packages/54/20/4d324d65cc6d9205fabedc306948156824eb9f0ee1633355a8f7ec5c66bf/pluggy-1.6.0-py3-none-any.whl", hash = "sha256:e920276dd6813095e9377c0bc5566d94c932c33b27a3e3945d8389c374dd4746", size = 20538, upload-time = "2025-05-15T12:30:06.134Z" },
]

[[package]]
name = "prompt-toolkit"
version = "3.0.52"
source = { registry = "https://pypi.org/simple" }
dependencies = [
    { name = "wcwidth" },
]
sdist = { url = "https://files.pythonhosted.org/packages/a1/96/06e01a7b38dce6fe1db213e061a4602dd6032a8a97ef6c1a862537732421/prompt_toolkit-3.0.52.tar.gz", hash = "sha256:28cde192929c8e7321de85de1ddbe736f1375148b02f2e17edd840042b1be855", size = 434198, upload-time = "2025-08-27T15:24:02.057Z" }
wheels = [
    { url = "https://files.pythonhosted.org/packages/84/03/0d3ce49e2505ae70cf43bc5bb3033955d2fc9f932163e84dc0779cc47f48/prompt_toolkit-3.0.52-py3-none-any.whl", hash = "sha256:9aac639a3bbd33284347de5ad8d68ecc044b91a762dc39b7c21095fcd6a19955", size = 391431, upload-time = "2025-08-27T15:23:59.498Z" },
]

[[package]]
name = "ptyprocess"
version = "0.7.0"
source = { registry = "https://pypi.org/simple" }
sdist = { url = "https://files.pythonhosted.org/packages/20/e5/16ff212c1e452235a90aeb09066144d0c5a6a8c0834397e03f5224495c4e/ptyprocess-0.7.0.tar.gz", hash = "sha256:5c5d0a3b48ceee0b48485e0c26037c0acd7d29765ca3fbb5cb3831d347423220", size = 70762, upload-time = "2020-12-28T15:15:30.155Z" }
wheels = [
    { url = "https://files.pythonhosted.org/packages/22/a6/858897256d0deac81a172289110f31629fc4cee19b6f01283303e18c8db3/ptyprocess-0.7.0-py2.py3-none-any.whl", hash = "sha256:4b41f3967fce3af57cc7e94b888626c18bf37a083e3651ca8feeb66d492fef35", size = 13993, upload-time = "2020-12-28T15:15:28.35Z" },
]

[[package]]
name = "pure-eval"
version = "0.2.3"
source = { registry = "https://pypi.org/simple" }
sdist = { url = "https://files.pythonhosted.org/packages/cd/05/0a34433a064256a578f1783a10da6df098ceaa4a57bbeaa96a6c0352786b/pure_eval-0.2.3.tar.gz", hash = "sha256:5f4e983f40564c576c7c8635ae88db5956bb2229d7e9237d03b3c0b0190eaf42", size = 19752, upload-time = "2024-07-21T12:58:21.801Z" }
wheels = [
    { url = "https://files.pythonhosted.org/packages/8e/37/efad0257dc6e593a18957422533ff0f87ede7c9c6ea010a2177d738fb82f/pure_eval-0.2.3-py3-none-any.whl", hash = "sha256:1db8e35b67b3d218d818ae653e27f06c3aa420901fa7b081ca98cbedc874e0d0", size = 11842, upload-time = "2024-07-21T12:58:20.04Z" },
]

[[package]]
name = "pygments"
version = "2.19.2"
source = { registry = "https://pypi.org/simple" }
sdist = { url = "https://files.pythonhosted.org/packages/b0/77/a5b8c569bf593b0140bde72ea885a803b82086995367bf2037de0159d924/pygments-2.19.2.tar.gz", hash = "sha256:636cb2477cec7f8952536970bc533bc43743542f70392ae026374600add5b887", size = 4968631, upload-time = "2025-06-21T13:39:12.283Z" }
wheels = [
    { url = "https://files.pythonhosted.org/packages/c7/21/705964c7812476f378728bdf590ca4b771ec72385c533964653c68e86bdc/pygments-2.19.2-py3-none-any.whl", hash = "sha256:86540386c03d588bb81d44bc3928634ff26449851e99741617ecb9037ee5ec0b", size = 1225217, upload-time = "2025-06-21T13:39:07.939Z" },
]

[[package]]
name = "pytest"
version = "9.0.2"
source = { registry = "https://pypi.org/simple" }
dependencies = [
    { name = "colorama", marker = "sys_platform == 'win32'" },
    { name = "iniconfig" },
    { name = "packaging" },
    { name = "pluggy" },
    { name = "pygments" },
]
sdist = { url = "https://files.pythonhosted.org/packages/d1/db/7ef3487e0fb0049ddb5ce41d3a49c235bf9ad299b6a25d5780a89f19230f/pytest-9.0.2.tar.gz", hash = "sha256:75186651a92bd89611d1d9fc20f0b4345fd827c41ccd5c299a868a05d70edf11", size = 1568901, upload-time = "2025-12-06T21:30:51.014Z" }
wheels = [
    { url = "https://files.pythonhosted.org/packages/3b/ab/b3226f0bd7cdcf710fbede2b3548584366da3b19b5021e74f5bde2a8fa3f/pytest-9.0.2-py3-none-any.whl", hash = "sha256:711ffd45bf766d5264d487b917733b453d917afd2b0ad65223959f59089f875b", size = 374801, upload-time = "2025-12-06T21:30:49.154Z" },
]

[[package]]
name = "pytest-cov"
version = "7.0.0"
source = { registry = "https://pypi.org/simple" }
dependencies = [
    { name = "coverage" },
    { name = "pluggy" },
    { name = "pytest" },
]
sdist = { url = "https://files.pythonhosted.org/packages/5e/f7/c933acc76f5208b3b00089573cf6a2bc26dc80a8aece8f52bb7d6b1855ca/pytest_cov-7.0.0.tar.gz", hash = "sha256:33c97eda2e049a0c5298e91f519302a1334c26ac65c1a483d6206fd458361af1", size = 54328, upload-time = "2025-09-09T10:57:02.113Z" }
wheels = [
    { url = "https://files.pythonhosted.org/packages/ee/49/1377b49de7d0c1ce41292161ea0f721913fa8722c19fb9c1e3aa0367eecb/pytest_cov-7.0.0-py3-none-any.whl", hash = "sha256:3b8e9558b16cc1479da72058bdecf8073661c7f57f7d3c5f22a1c23507f2d861", size = 22424, upload-time = "2025-09-09T10:57:00.695Z" },
]

[[package]]
name = "ruff"
version = "0.14.14"
source = { registry = "https://pypi.org/simple" }
sdist = { url = "https://files.pythonhosted.org/packages/2e/06/f71e3a86b2df0dfa2d2f72195941cd09b44f87711cb7fa5193732cb9a5fc/ruff-0.14.14.tar.gz", hash = "sha256:2d0f819c9a90205f3a867dbbd0be083bee9912e170fd7d9704cc8ae45824896b", size = 4515732, upload-time = "2026-01-22T22:30:17.527Z" }
wheels = [
    { url = "https://files.pythonhosted.org/packages/d2/89/20a12e97bc6b9f9f68343952da08a8099c57237aef953a56b82711d55edd/ruff-0.14.14-py3-none-linux_armv6l.whl", hash = "sha256:7cfe36b56e8489dee8fbc777c61959f60ec0f1f11817e8f2415f429552846aed", size = 10467650, upload-time = "2026-01-22T22:30:08.578Z" },
    { url = "https://files.pythonhosted.org/packages/a3/b1/c5de3fd2d5a831fcae21beda5e3589c0ba67eec8202e992388e4b17a6040/ruff-0.14.14-py3-none-macosx_10_12_x86_64.whl", hash = "sha256:6006a0082336e7920b9573ef8a7f52eec837add1265cc74e04ea8a4368cd704c", size = 10883245, upload-time = "2026-01-22T22:30:04.155Z" },
    { url = "https://files.pythonhosted.org/packages/b8/7c/3c1db59a10e7490f8f6f8559d1db8636cbb13dccebf18686f4e3c9d7c772/ruff-0.14.14-py3-none-macosx_11_0_arm64.whl", hash = "sha256:026c1d25996818f0bf498636686199d9bd0d9d6341c9c2c3b62e2a0198b758de", size = 10231273, upload-time = "2026-01-22T22:30:34.642Z" },
    { url = "https://files.pythonhosted.org/packages/a1/6e/5e0e0d9674be0f8581d1f5e0f0a04761203affce3232c1a1189d0e3b4dad/ruff-0.14.14-py3-none-manylinux_2_17_aarch64.manylinux2014_aarch64.whl", hash = "sha256:f666445819d31210b71e0a6d1c01e24447a20b85458eea25a25fe8142210ae0e", size = 10585753, upload-time = "2026-01-22T22:30:31.781Z" },
    { url = "https://files.pythonhosted.org/packages/23/09/754ab09f46ff1884d422dc26d59ba18b4e5d355be147721bb2518aa2a014/ruff-0.14.14-py3-none-manylinux_2_17_armv7l.manylinux2014_armv7l.whl", hash = "sha256:3c0f18b922c6d2ff9a5e6c3ee16259adc513ca775bcf82c67ebab7cbd9da5bc8", size = 10286052, upload-time = "2026-01-22T22:30:24.827Z" },
    { url = "https://files.pythonhosted.org/packages/c8/cc/e71f88dd2a12afb5f50733851729d6b571a7c3a35bfdb16c3035132675a0/ruff-0.14.14-py3-none-manylinux_2_17_i686.manylinux2014_i686.whl", hash = "sha256:1629e67489c2dea43e8658c3dba659edbfd87361624b4040d1df04c9740ae906", size = 11043637, upload-time = "2026-01-22T22:30:13.239Z" },
    { url = "https://files.pythonhosted.org/packages/67/b2/397245026352494497dac935d7f00f1468c03a23a0c5db6ad8fc49ca3fb2/ruff-0.14.14-py3-none-manylinux_2_17_ppc64.manylinux2014_ppc64.whl", hash = "sha256:27493a2131ea0f899057d49d303e4292b2cae2bb57253c1ed1f256fbcd1da480", size = 12194761, upload-time = "2026-01-22T22:30:22.542Z" },
    { url = "https://files.pythonhosted.org/packages/5b/06/06ef271459f778323112c51b7587ce85230785cd64e91772034ddb88f200/ruff-0.14.14-py3-none-manylinux_2_17_ppc64le.manylinux2014_ppc64le.whl", hash = "sha256:01ff589aab3f5b539e35db38425da31a57521efd1e4ad1ae08fc34dbe30bd7df", size = 12005701, upload-time = "2026-01-22T22:30:20.499Z" },
    { url = "https://files.pythonhosted.org/packages/41/d6/99364514541cf811ccc5ac44362f88df66373e9fec1b9d1c4cc830593fe7/ruff-0.14.14-py3-none-manylinux_2_17_s390x.manylinux2014_s390x.whl", hash = "sha256:1cc12d74eef0f29f51775f5b755913eb523546b88e2d733e1d701fe65144e89b", size = 11282455, upload-time = "2026-01-22T22:29:59.679Z" },
    { url = "https://files.pythonhosted.org/packages/ca/71/37daa46f89475f8582b7762ecd2722492df26421714a33e72ccc9a84d7a5/ruff-0.14.14-py3-none-manylinux_2_17_x86_64.manylinux2014_x86_64.whl", hash = "sha256:bb8481604b7a9e75eff53772496201690ce2687067e038b3cc31aaf16aa0b974", size = 11215882, upload-time = "2026-01-22T22:29:57.032Z" },
    { url = "https://files.pythonhosted.org/packages/2c/10/a31f86169ec91c0705e618443ee74ede0bdd94da0a57b28e72db68b2dbac/ruff-0.14.14-py3-none-manylinux_2_31_riscv64.whl", hash = "sha256:14649acb1cf7b5d2d283ebd2f58d56b75836ed8c6f329664fa91cdea19e76e66", size = 11180549, upload-time = "2026-01-22T22:30:27.175Z" },
    { url = "https://files.pythonhosted.org/packages/fd/1e/c723f20536b5163adf79bdd10c5f093414293cdf567eed9bdb7b83940f3f/ruff-0.14.14-py3-none-musllinux_1_2_aarch64.whl", hash = "sha256:e8058d2145566510790eab4e2fad186002e288dec5e0d343a92fe7b0bc1b3e13", size = 10543416, upload-time = "2026-01-22T22:30:01.964Z" },
    { url = "https://files.pythonhosted.org/packages/3e/34/8a84cea7e42c2d94ba5bde1d7a4fae164d6318f13f933d92da6d7c2041ff/ruff-0.14.14-py3-none-musllinux_1_2_armv7l.whl", hash = "sha256:e651e977a79e4c758eb807f0481d673a67ffe53cfa92209781dfa3a996cf8412", size = 10285491, upload-time = "2026-01-22T22:30:29.51Z" },
    { url = "https://files.pythonhosted.org/packages/55/ef/b7c5ea0be82518906c978e365e56a77f8de7678c8bb6651ccfbdc178c29f/ruff-0.14.14-py3-none-musllinux_1_2_i686.whl", hash = "sha256:cc8b22da8d9d6fdd844a68ae937e2a0adf9b16514e9a97cc60355e2d4b219fc3", size = 10733525, upload-time = "2026-01-22T22:30:06.499Z" },
    { url = "https://files.pythonhosted.org/packages/6a/5b/aaf1dfbcc53a2811f6cc0a1759de24e4b03e02ba8762daabd9b6bd8c59e3/ruff-0.14.14-py3-none-musllinux_1_2_x86_64.whl", hash = "sha256:16bc890fb4cc9781bb05beb5ab4cd51be9e7cb376bf1dd3580512b24eb3fda2b", size = 11315626, upload-time = "2026-01-22T22:30:36.848Z" },
    { url = "https://files.pythonhosted.org/packages/2c/aa/9f89c719c467dfaf8ad799b9bae0df494513fb21d31a6059cb5870e57e74/ruff-0.14.14-py3-none-win32.whl", hash = "sha256:b530c191970b143375b6a68e6f743800b2b786bbcf03a7965b06c4bf04568167", size = 10502442, upload-time = "2026-01-22T22:30:38.93Z" },
    { url = "https://files.pythonhosted.org/packages/87/44/90fa543014c45560cae1fffc63ea059fb3575ee6e1cb654562197e5d16fb/ruff-0.14.14-py3-none-win_amd64.whl", hash = "sha256:3dde1435e6b6fe5b66506c1dff67a421d0b7f6488d466f651c07f4cab3bf20fd", size = 11630486, upload-time = "2026-01-22T22:30:10.852Z" },
    { url = "https://files.pythonhosted.org/packages/9e/6a/40fee331a52339926a92e17ae748827270b288a35ef4a15c9c8f2ec54715/ruff-0.14.14-py3-none-win_arm64.whl", hash = "sha256:56e6981a98b13a32236a72a8da421d7839221fa308b223b9283312312e5ac76c", size = 10920448, upload-time = "2026-01-22T22:30:15.417Z" },
]

[[package]]
name = "stack-data"
version = "0.6.3"
source = { registry = "https://pypi.org/simple" }
dependencies = [
    { name = "asttokens" },
    { name = "executing" },
    { name = "pure-eval" },
]
sdist = { url = "https://files.pythonhosted.org/packages/28/e3/55dcc2cfbc3ca9c29519eb6884dd1415ecb53b0e934862d3559ddcb7e20b/stack_data-0.6.3.tar.gz", hash = "sha256:836a778de4fec4dcd1dcd89ed8abff8a221f58308462e1c4aa2a3cf30148f0b9", size = 44707, upload-time = "2023-09-30T13:58:05.479Z" }
wheels = [
    { url = "https://files.pythonhosted.org/packages/f1/7b/ce1eafaf1a76852e2ec9b22edecf1daa58175c090266e9f6c64afcd81d91/stack_data-0.6.3-py3-none-any.whl", hash = "sha256:d5558e0c25a4cb0853cddad3d77da9891a08cb85dd9f9f91b9f8cd66e511e695", size = 24521, upload-time = "2023-09-30T13:58:03.53Z" },
]

[[package]]
name = "traitlets"
version = "5.14.3"
source = { registry = "https://pypi.org/simple" }
sdist = { url = "https://files.pythonhosted.org/packages/eb/79/72064e6a701c2183016abbbfedaba506d81e30e232a68c9f0d6f6fcd1574/traitlets-5.14.3.tar.gz", hash = "sha256:9ed0579d3502c94b4b3732ac120375cda96f923114522847de4b3bb98b96b6b7", size = 161621, upload-time = "2024-04-19T11:11:49.746Z" }
wheels = [
    { url = "https://files.pythonhosted.org/packages/00/c0/8f5d070730d7836adc9c9b6408dec68c6ced86b304a9b26a14df072a6e8c/traitlets-5.14.3-py3-none-any.whl", hash = "sha256:b74e89e397b1ed28cc831db7aea759ba6640cb3de13090ca145426688ff1ac4f", size = 85359, upload-time = "2024-04-19T11:11:46.763Z" },
]

[[package]]
name = "typing-extensions"
version = "4.15.0"
source = { registry = "https://pypi.org/simple" }
sdist = { url = "https://files.pythonhosted.org/packages/72/94/1a15dd82efb362ac84269196e94cf00f187f7ed21c242792a923cdb1c61f/typing_extensions-4.15.0.tar.gz", hash = "sha256:0cea48d173cc12fa28ecabc3b837ea3cf6f38c6d1136f85cbaaf598984861466", size = 109391, upload-time = "2025-08-25T13:49:26.313Z" }
wheels = [
    { url = "https://files.pythonhosted.org/packages/18/67/36e9267722cc04a6b9f15c7f3441c2363321a3ea07da7ae0c0707beb2a9c/typing_extensions-4.15.0-py3-none-any.whl", hash = "sha256:f0fa19c6845758ab08074a0cfa8b7aecb71c999ca73d62883bc25cc018c4e548", size = 44614, upload-time = "2025-08-25T13:49:24.86Z" },
]

[[package]]
name = "wcwidth"
version = "0.5.2"
source = { registry = "https://pypi.org/simple" }
sdist = { url = "https://files.pythonhosted.org/packages/5f/3e/3d456efe55d2d5e7938b5f9abd68333dd8dceb14e829f51f9a8deed2217e/wcwidth-0.5.2.tar.gz", hash = "sha256:c022c39a02a0134d1e10810da36d1f984c79648181efcc70a389f4569695f5ae", size = 152817, upload-time = "2026-01-29T19:32:52.22Z" }
wheels = [
    { url = "https://files.pythonhosted.org/packages/6d/72/da5a6f511a8267f962a08637464a70409736ac72f9f75b069e0e96d69b64/wcwidth-0.5.2-py3-none-any.whl", hash = "sha256:46912178a64217749bf3426b21e36e849fbc46e05c949407b3e364d9f7ffcadf", size = 90088, upload-time = "2026-01-29T19:32:50.592Z" },
]
